
Microsoft Visual Studio Solution File, Format Version 12.00
# Visual Studio 15
VisualStudioVersion = 15.0.26730.16
MinimumVisualStudioVersion = 10.0.40219.1
Project("{FAE04EC0-301F-11D3-BF4B-00C04F79EFBC}") = "TicTacToe", "TicTacToe\TicTacToe.csproj", "{5229E447-231C-4999-879D-1C2874BF26AD}"
EndProject
Global
	GlobalSection(SolutionConfigurationPlatforms) = preSolution
		Debug|Any CPU = Debug|Any CPU
		Release|Any CPU = Release|Any CPU
		v. 1.0|Any CPU = v. 1.0|Any CPU
	EndGlobalSection
	GlobalSection(ProjectConfigurationPlatforms) = postSolution
		{5229E447-231C-4999-879D-1C2874BF26AD}.Debug|Any CPU.ActiveCfg = Debug|Any CPU
		{5229E447-231C-4999-879D-1C2874BF26AD}.Debug|Any CPU.Build.0 = Debug|Any CPU
		{5229E447-231C-4999-879D-1C2874BF26AD}.Release|Any CPU.ActiveCfg = Release|Any CPU
		{5229E447-231C-4999-879D-1C2874BF26AD}.Release|Any CPU.Build.0 = Release|Any CPU
		{5229E447-231C-4999-879D-1C2874BF26AD}.v. 1.0|Any CPU.ActiveCfg = v. 1.0|Any CPU
		{5229E447-231C-4999-879D-1C2874BF26AD}.v. 1.0|Any CPU.Build.0 = v. 1.0|Any CPU
	EndGlobalSection
	GlobalSection(SolutionProperties) = preSolution
		HideSolutionNode = FALSE
	EndGlobalSection
	GlobalSection(ExtensibilityGlobals) = postSolution
		SolutionGuid = {A5345F20-C7A6-47A9-A789-D8C83E9CB416}
	EndGlobalSection
EndGlobal
